
Microsoft Visual Studio Solution File, Format Version 12.00
# Visual Studio Version 17
VisualStudioVersion = 17.0.31903.59
MinimumVisualStudioVersion = 10.0.40219.1
Project("{2150E333-8FDC-42A3-9474-1A3956D46DE8}") = "src", "src", "{0766E227-8E4E-4CBC-A06F-B357481968FA}"
EndProject
Project("{FAE04EC0-301F-11D3-BF4B-00C04F79EFBC}") = "SevenDays.Core", "src\SevenDays.Core\SevenDays.Core.csproj", "{7BDC47AB-4BB4-4BF2-968D-3E0EB2506121}"
EndProject
Project("{FAE04EC0-301F-11D3-BF4B-00C04F79EFBC}") = "SevenDays.Console", "src\SevenDays.Console\SevenDays.Console.csproj", "{B7AF8A0B-FF48-4840-9004-FE6354E0065F}"
EndProject
Project("{2150E333-8FDC-42A3-9474-1A3956D46DE8}") = "tests", "tests", "{9B15AB12-53A4-4D9A-8612-09E3E21C3DD1}"
EndProject
Project("{FAE04EC0-301F-11D3-BF4B-00C04F79EFBC}") = "SevenDays.Tests", "tests\SevenDays.Tests\SevenDays.Tests.csproj", "{5FFC5F29-2B05-4C47-847E-D1D18CBF1DAA}"
EndProject
Global
	GlobalSection(SolutionConfigurationPlatforms) = preSolution
		Debug|Any CPU = Debug|Any CPU
		Release|Any CPU = Release|Any CPU
	EndGlobalSection
	GlobalSection(SolutionProperties) = preSolution
		HideSolutionNode = FALSE
	EndGlobalSection
	GlobalSection(ProjectConfigurationPlatforms) = postSolution
		{7BDC47AB-4BB4-4BF2-968D-3E0EB2506121}.Debug|Any CPU.ActiveCfg = Debug|Any CPU
		{7BDC47AB-4BB4-4BF2-968D-3E0EB2506121}.Debug|Any CPU.Build.0 = Debug|Any CPU
		{7BDC47AB-4BB4-4BF2-968D-3E0EB2506121}.Release|Any CPU.ActiveCfg = Release|Any CPU
		{7BDC47AB-4BB4-4BF2-968D-3E0EB2506121}.Release|Any CPU.Build.0 = Release|Any CPU
		{B7AF8A0B-FF48-4840-9004-FE6354E0065F}.Debug|Any CPU.ActiveCfg = Debug|Any CPU
		{B7AF8A0B-FF48-4840-9004-FE6354E0065F}.Debug|Any CPU.Build.0 = Debug|Any CPU
		{B7AF8A0B-FF48-4840-9004-FE6354E0065F}.Release|Any CPU.ActiveCfg = Release|Any CPU
		{B7AF8A0B-FF48-4840-9004-FE6354E0065F}.Release|Any CPU.Build.0 = Release|Any CPU
		{5FFC5F29-2B05-4C47-847E-D1D18CBF1DAA}.Debug|Any CPU.ActiveCfg = Debug|Any CPU
		{5FFC5F29-2B05-4C47-847E-D1D18CBF1DAA}.Debug|Any CPU.Build.0 = Debug|Any CPU
		{5FFC5F29-2B05-4C47-847E-D1D18CBF1DAA}.Release|Any CPU.ActiveCfg = Release|Any CPU
		{5FFC5F29-2B05-4C47-847E-D1D18CBF1DAA}.Release|Any CPU.Build.0 = Release|Any CPU
	EndGlobalSection
	GlobalSection(NestedProjects) = preSolution
		{7BDC47AB-4BB4-4BF2-968D-3E0EB2506121} = {0766E227-8E4E-4CBC-A06F-B357481968FA}
		{B7AF8A0B-FF48-4840-9004-FE6354E0065F} = {0766E227-8E4E-4CBC-A06F-B357481968FA}
		{5FFC5F29-2B05-4C47-847E-D1D18CBF1DAA} = {9B15AB12-53A4-4D9A-8612-09E3E21C3DD1}
	EndGlobalSection
EndGlobal
